// !$*UTF8*$!
{
	archiveVersion = 1;
	classes = {
	};
	objectVersion = 56;
	objects = {

/* Begin PBXBuildFile section */
		B80DD7432BC896EC00208A7E /* SF_MyArticlesAppApp.swift in Sources */ = {isa = PBXBuildFile; fileRef = B80DD7422BC896EC00208A7E /* SF_MyArticlesAppApp.swift */; };
		B80DD7472BC896EE00208A7E /* Assets.xcassets in Resources */ = {isa = PBXBuildFile; fileRef = B80DD7462BC896EE00208A7E /* Assets.xcassets */; };
		B80DD74A2BC896EE00208A7E /* Preview Assets.xcassets in Resources */ = {isa = PBXBuildFile; fileRef = B80DD7492BC896EE00208A7E /* Preview Assets.xcassets */; };
		B80DD7542BC896EE00208A7E /* SF_MyArticlesAppTests.swift in Sources */ = {isa = PBXBuildFile; fileRef = B80DD7532BC896EE00208A7E /* SF_MyArticlesAppTests.swift */; };
		B80DD75E2BC896EE00208A7E /* SF_MyArticlesAppUITests.swift in Sources */ = {isa = PBXBuildFile; fileRef = B80DD75D2BC896EE00208A7E /* SF_MyArticlesAppUITests.swift */; };
		B80DD7602BC896EE00208A7E /* SF_MyArticlesAppUITestsLaunchTests.swift in Sources */ = {isa = PBXBuildFile; fileRef = B80DD75F2BC896EE00208A7E /* SF_MyArticlesAppUITestsLaunchTests.swift */; };
		B80DD7702BC8971200208A7E /* ArticlesListView.swift in Sources */ = {isa = PBXBuildFile; fileRef = B80DD76F2BC8971200208A7E /* ArticlesListView.swift */; };
		B80DD7732BC8973500208A7E /* ArticlesViewModel.swift in Sources */ = {isa = PBXBuildFile; fileRef = B80DD7722BC8973500208A7E /* ArticlesViewModel.swift */; };
		B80DD7752BC8975700208A7E /* Article.swift in Sources */ = {isa = PBXBuildFile; fileRef = B80DD7742BC8975700208A7E /* Article.swift */; };
		B80DD7772BC898D800208A7E /* ArticleListRowView.swift in Sources */ = {isa = PBXBuildFile; fileRef = B80DD7762BC898D800208A7E /* ArticleListRowView.swift */; };
		B80DD7792BC8990C00208A7E /* MockArticleProvider.swift in Sources */ = {isa = PBXBuildFile; fileRef = B80DD7782BC8990C00208A7E /* MockArticleProvider.swift */; };
		B80DD77D2BC89AFF00208A7E /* APIClient.swift in Sources */ = {isa = PBXBuildFile; fileRef = B80DD77C2BC89AFF00208A7E /* APIClient.swift */; };
		B80DD77F2BC89B4300208A7E /* ArticleAPIClient.swift in Sources */ = {isa = PBXBuildFile; fileRef = B80DD77E2BC89B4300208A7E /* ArticleAPIClient.swift */; };
/* End PBXBuildFile section */

/* Begin PBXContainerItemProxy section */
		B80DD7502BC896EE00208A7E /* PBXContainerItemProxy */ = {
			isa = PBXContainerItemProxy;
			containerPortal = B80DD7372BC896EC00208A7E /* Project object */;
			proxyType = 1;
			remoteGlobalIDString = B80DD73E2BC896EC00208A7E;
			remoteInfo = SF_MyArticlesApp;
		};
		B80DD75A2BC896EE00208A7E /* PBXContainerItemProxy */ = {
			isa = PBXContainerItemProxy;
			containerPortal = B80DD7372BC896EC00208A7E /* Project object */;
			proxyType = 1;
			remoteGlobalIDString = B80DD73E2BC896EC00208A7E;
			remoteInfo = SF_MyArticlesApp;
		};
/* End PBXContainerItemProxy section */

/* Begin PBXFileReference section */
		B80DD73F2BC896EC00208A7E /* SF_MyArticlesApp.app */ = {isa = PBXFileReference; explicitFileType = wrapper.application; includeInIndex = 0; path = SF_MyArticlesApp.app; sourceTree = BUILT_PRODUCTS_DIR; };
		B80DD7422BC896EC00208A7E /* SF_MyArticlesAppApp.swift */ = {isa = PBXFileReference; lastKnownFileType = sourcecode.swift; path = SF_MyArticlesAppApp.swift; sourceTree = "<group>"; };
		B80DD7462BC896EE00208A7E /* Assets.xcassets */ = {isa = PBXFileReference; lastKnownFileType = folder.assetcatalog; path = Assets.xcassets; sourceTree = "<group>"; };
		B80DD7492BC896EE00208A7E /* Preview Assets.xcassets */ = {isa = PBXFileReference; lastKnownFileType = folder.assetcatalog; path = "Preview Assets.xcassets"; sourceTree = "<group>"; };
		B80DD74F2BC896EE00208A7E /* SF_MyArticlesAppTests.xctest */ = {isa = PBXFileReference; explicitFileType = wrapper.cfbundle; includeInIndex = 0; path = SF_MyArticlesAppTests.xctest; sourceTree = BUILT_PRODUCTS_DIR; };
		B80DD7532BC896EE00208A7E /* SF_MyArticlesAppTests.swift */ = {isa = PBXFileReference; lastKnownFileType = sourcecode.swift; path = SF_MyArticlesAppTests.swift; sourceTree = "<group>"; };
		B80DD7592BC896EE00208A7E /* SF_MyArticlesAppUITests.xctest */ = {isa = PBXFileReference; explicitFileType = wrapper.cfbundle; includeInIndex = 0; path = SF_MyArticlesAppUITests.xctest; sourceTree = BUILT_PRODUCTS_DIR; };
		B80DD75D2BC896EE00208A7E /* SF_MyArticlesAppUITests.swift */ = {isa = PBXFileReference; lastKnownFileType = sourcecode.swift; path = SF_MyArticlesAppUITests.swift; sourceTree = "<group>"; };
		B80DD75F2BC896EE00208A7E /* SF_MyArticlesAppUITestsLaunchTests.swift */ = {isa = PBXFileReference; lastKnownFileType = sourcecode.swift; path = SF_MyArticlesAppUITestsLaunchTests.swift; sourceTree = "<group>"; };
		B80DD76F2BC8971200208A7E /* ArticlesListView.swift */ = {isa = PBXFileReference; lastKnownFileType = sourcecode.swift; path = ArticlesListView.swift; sourceTree = "<group>"; };
		B80DD7722BC8973500208A7E /* ArticlesViewModel.swift */ = {isa = PBXFileReference; lastKnownFileType = sourcecode.swift; path = ArticlesViewModel.swift; sourceTree = "<group>"; };
		B80DD7742BC8975700208A7E /* Article.swift */ = {isa = PBXFileReference; lastKnownFileType = sourcecode.swift; path = Article.swift; sourceTree = "<group>"; };
		B80DD7762BC898D800208A7E /* ArticleListRowView.swift */ = {isa = PBXFileReference; lastKnownFileType = sourcecode.swift; path = ArticleListRowView.swift; sourceTree = "<group>"; };
		B80DD7782BC8990C00208A7E /* MockArticleProvider.swift */ = {isa = PBXFileReference; lastKnownFileType = sourcecode.swift; path = MockArticleProvider.swift; sourceTree = "<group>"; };
		B80DD77C2BC89AFF00208A7E /* APIClient.swift */ = {isa = PBXFileReference; lastKnownFileType = sourcecode.swift; path = APIClient.swift; sourceTree = "<group>"; };
		B80DD77E2BC89B4300208A7E /* ArticleAPIClient.swift */ = {isa = PBXFileReference; lastKnownFileType = sourcecode.swift; path = ArticleAPIClient.swift; sourceTree = "<group>"; };
		B80DD7802BC8A54C00208A7E /* README.md */ = {isa = PBXFileReference; lastKnownFileType = net.daringfireball.markdown; path = README.md; sourceTree = "<group>"; };
/* End PBXFileReference section */

/* Begin PBXFrameworksBuildPhase section */
		B80DD73C2BC896EC00208A7E /* Frameworks */ = {
			isa = PBXFrameworksBuildPhase;
			buildActionMask = 2147483647;
			files = (
			);
			runOnlyForDeploymentPostprocessing = 0;
		};
		B80DD74C2BC896EE00208A7E /* Frameworks */ = {
			isa = PBXFrameworksBuildPhase;
			buildActionMask = 2147483647;
			files = (
			);
			runOnlyForDeploymentPostprocessing = 0;
		};
		B80DD7562BC896EE00208A7E /* Frameworks */ = {
			isa = PBXFrameworksBuildPhase;
			buildActionMask = 2147483647;
			files = (
			);
			runOnlyForDeploymentPostprocessing = 0;
		};
/* End PBXFrameworksBuildPhase section */

/* Begin PBXGroup section */
		B80DD7362BC896EC00208A7E = {
			isa = PBXGroup;
			children = (
				B80DD7412BC896EC00208A7E /* SF_MyArticlesApp */,
				B80DD7522BC896EE00208A7E /* SF_MyArticlesAppTests */,
				B80DD75C2BC896EE00208A7E /* SF_MyArticlesAppUITests */,
				B80DD7402BC896EC00208A7E /* Products */,
			);
			sourceTree = "<group>";
		};
		B80DD7402BC896EC00208A7E /* Products */ = {
			isa = PBXGroup;
			children = (
				B80DD73F2BC896EC00208A7E /* SF_MyArticlesApp.app */,
				B80DD74F2BC896EE00208A7E /* SF_MyArticlesAppTests.xctest */,
				B80DD7592BC896EE00208A7E /* SF_MyArticlesAppUITests.xctest */,
			);
			name = Products;
			sourceTree = "<group>";
		};
		B80DD7412BC896EC00208A7E /* SF_MyArticlesApp */ = {
			isa = PBXGroup;
			children = (
				B80DD7802BC8A54C00208A7E /* README.md */,
				B80DD7422BC896EC00208A7E /* SF_MyArticlesAppApp.swift */,
				B80DD76D2BC896FB00208A7E /* UI */,
				B80DD76E2BC896FF00208A7E /* Util */,
				B80DD76C2BC896F600208A7E /* Data */,
				B80DD7462BC896EE00208A7E /* Assets.xcassets */,
				B80DD7482BC896EE00208A7E /* Preview Content */,
			);
			path = SF_MyArticlesApp;
			sourceTree = "<group>";
		};
		B80DD7482BC896EE00208A7E /* Preview Content */ = {
			isa = PBXGroup;
			children = (
				B80DD7492BC896EE00208A7E /* Preview Assets.xcassets */,
			);
			path = "Preview Content";
			sourceTree = "<group>";
		};
		B80DD7522BC896EE00208A7E /* SF_MyArticlesAppTests */ = {
			isa = PBXGroup;
			children = (
				B80DD7532BC896EE00208A7E /* SF_MyArticlesAppTests.swift */,
			);
			path = SF_MyArticlesAppTests;
			sourceTree = "<group>";
		};
		B80DD75C2BC896EE00208A7E /* SF_MyArticlesAppUITests */ = {
			isa = PBXGroup;
			children = (
				B80DD75D2BC896EE00208A7E /* SF_MyArticlesAppUITests.swift */,
				B80DD75F2BC896EE00208A7E /* SF_MyArticlesAppUITestsLaunchTests.swift */,
			);
			path = SF_MyArticlesAppUITests;
			sourceTree = "<group>";
		};
		B80DD76C2BC896F600208A7E /* Data */ = {
			isa = PBXGroup;
			children = (
				B80DD7742BC8975700208A7E /* Article.swift */,
			);
			path = Data;
			sourceTree = "<group>";
		};
		B80DD76D2BC896FB00208A7E /* UI */ = {
			isa = PBXGroup;
			children = (
				B80DD7712BC8971B00208A7E /* Articles */,
			);
			path = UI;
			sourceTree = "<group>";
		};
		B80DD76E2BC896FF00208A7E /* Util */ = {
			isa = PBXGroup;
			children = (
				B80DD7782BC8990C00208A7E /* MockArticleProvider.swift */,
				B80DD77C2BC89AFF00208A7E /* APIClient.swift */,
				B80DD77E2BC89B4300208A7E /* ArticleAPIClient.swift */,
			);
			path = Util;
			sourceTree = "<group>";
		};
		B80DD7712BC8971B00208A7E /* Articles */ = {
			isa = PBXGroup;
			children = (
				B80DD76F2BC8971200208A7E /* ArticlesListView.swift */,
				B80DD7722BC8973500208A7E /* ArticlesViewModel.swift */,
				B80DD7762BC898D800208A7E /* ArticleListRowView.swift */,
			);
			path = Articles;
			sourceTree = "<group>";
		};
/* End PBXGroup section */

/* Begin PBXNativeTarget section */
		B80DD73E2BC896EC00208A7E /* SF_MyArticlesApp */ = {
			isa = PBXNativeTarget;
			buildConfigurationList = B80DD7632BC896EE00208A7E /* Build configuration list for PBXNativeTarget "SF_MyArticlesApp" */;
			buildPhases = (
				B80DD73B2BC896EC00208A7E /* Sources */,
				B80DD73C2BC896EC00208A7E /* Frameworks */,
				B80DD73D2BC896EC00208A7E /* Resources */,
			);
			buildRules = (
			);
			dependencies = (
			);
			name = SF_MyArticlesApp;
			productName = SF_MyArticlesApp;
			productReference = B80DD73F2BC896EC00208A7E /* SF_MyArticlesApp.app */;
			productType = "com.apple.product-type.application";
		};
		B80DD74E2BC896EE00208A7E /* SF_MyArticlesAppTests */ = {
			isa = PBXNativeTarget;
			buildConfigurationList = B80DD7662BC896EE00208A7E /* Build configuration list for PBXNativeTarget "SF_MyArticlesAppTests" */;
			buildPhases = (
				B80DD74B2BC896EE00208A7E /* Sources */,
				B80DD74C2BC896EE00208A7E /* Frameworks */,
				B80DD74D2BC896EE00208A7E /* Resources */,
			);
			buildRules = (
			);
			dependencies = (
				B80DD7512BC896EE00208A7E /* PBXTargetDependency */,
			);
			name = SF_MyArticlesAppTests;
			productName = SF_MyArticlesAppTests;
			productReference = B80DD74F2BC896EE00208A7E /* SF_MyArticlesAppTests.xctest */;
			productType = "com.apple.product-type.bundle.unit-test";
		};
		B80DD7582BC896EE00208A7E /* SF_MyArticlesAppUITests */ = {
			isa = PBXNativeTarget;
			buildConfigurationList = B80DD7692BC896EE00208A7E /* Build configuration list for PBXNativeTarget "SF_MyArticlesAppUITests" */;
			buildPhases = (
				B80DD7552BC896EE00208A7E /* Sources */,
				B80DD7562BC896EE00208A7E /* Frameworks */,
				B80DD7572BC896EE00208A7E /* Resources */,
			);
			buildRules = (
			);
			dependencies = (
				B80DD75B2BC896EE00208A7E /* PBXTargetDependency */,
			);
			name = SF_MyArticlesAppUITests;
			productName = SF_MyArticlesAppUITests;
			productReference = B80DD7592BC896EE00208A7E /* SF_MyArticlesAppUITests.xctest */;
			productType = "com.apple.product-type.bundle.ui-testing";
		};
/* End PBXNativeTarget section */

/* Begin PBXProject section */
		B80DD7372BC896EC00208A7E /* Project object */ = {
			isa = PBXProject;
			attributes = {
				BuildIndependentTargetsInParallel = 1;
				LastSwiftUpdateCheck = 1520;
				LastUpgradeCheck = 1520;
				TargetAttributes = {
					B80DD73E2BC896EC00208A7E = {
						CreatedOnToolsVersion = 15.2;
					};
					B80DD74E2BC896EE00208A7E = {
						CreatedOnToolsVersion = 15.2;
						TestTargetID = B80DD73E2BC896EC00208A7E;
					};
					B80DD7582BC896EE00208A7E = {
						CreatedOnToolsVersion = 15.2;
						TestTargetID = B80DD73E2BC896EC00208A7E;
					};
				};
			};
			buildConfigurationList = B80DD73A2BC896EC00208A7E /* Build configuration list for PBXProject "SF_MyArticlesApp" */;
			compatibilityVersion = "Xcode 14.0";
			developmentRegion = en;
			hasScannedForEncodings = 0;
			knownRegions = (
				en,
				Base,
			);
			mainGroup = B80DD7362BC896EC00208A7E;
			productRefGroup = B80DD7402BC896EC00208A7E /* Products */;
			projectDirPath = "";
			projectRoot = "";
			targets = (
				B80DD73E2BC896EC00208A7E /* SF_MyArticlesApp */,
				B80DD74E2BC896EE00208A7E /* SF_MyArticlesAppTests */,
				B80DD7582BC896EE00208A7E /* SF_MyArticlesAppUITests */,
			);
		};
/* End PBXProject section */

/* Begin PBXResourcesBuildPhase section */
		B80DD73D2BC896EC00208A7E /* Resources */ = {
			isa = PBXResourcesBuildPhase;
			buildActionMask = 2147483647;
			files = (
				B80DD74A2BC896EE00208A7E /* Preview Assets.xcassets in Resources */,
				B80DD7472BC896EE00208A7E /* Assets.xcassets in Resources */,
			);
			runOnlyForDeploymentPostprocessing = 0;
		};
		B80DD74D2BC896EE00208A7E /* Resources */ = {
			isa = PBXResourcesBuildPhase;
			buildActionMask = 2147483647;
			files = (
			);
			runOnlyForDeploymentPostprocessing = 0;
		};
		B80DD7572BC896EE00208A7E /* Resources */ = {
			isa = PBXResourcesBuildPhase;
			buildActionMask = 2147483647;
			files = (
			);
			runOnlyForDeploymentPostprocessing = 0;
		};
/* End PBXResourcesBuildPhase section */

/* Begin PBXSourcesBuildPhase section */
		B80DD73B2BC896EC00208A7E /* Sources */ = {
			isa = PBXSourcesBuildPhase;
			buildActionMask = 2147483647;
			files = (
				B80DD7772BC898D800208A7E /* ArticleListRowView.swift in Sources */,
				B80DD77D2BC89AFF00208A7E /* APIClient.swift in Sources */,
				B80DD7792BC8990C00208A7E /* MockArticleProvider.swift in Sources */,
				B80DD7752BC8975700208A7E /* Article.swift in Sources */,
				B80DD7702BC8971200208A7E /* ArticlesListView.swift in Sources */,
				B80DD7432BC896EC00208A7E /* SF_MyArticlesAppApp.swift in Sources */,
				B80DD77F2BC89B4300208A7E /* ArticleAPIClient.swift in Sources */,
				B80DD7732BC8973500208A7E /* ArticlesViewModel.swift in Sources */,
			);
			runOnlyForDeploymentPostprocessing = 0;
		};
		B80DD74B2BC896EE00208A7E /* Sources */ = {
			isa = PBXSourcesBuildPhase;
			buildActionMask = 2147483647;
			files = (
				B80DD7542BC896EE00208A7E /* SF_MyArticlesAppTests.swift in Sources */,
			);
			runOnlyForDeploymentPostprocessing = 0;
		};
		B80DD7552BC896EE00208A7E /* Sources */ = {
			isa = PBXSourcesBuildPhase;
			buildActionMask = 2147483647;
			files = (
				B80DD7602BC896EE00208A7E /* SF_MyArticlesAppUITestsLaunchTests.swift in Sources */,
				B80DD75E2BC896EE00208A7E /* SF_MyArticlesAppUITests.swift in Sources */,
			);
			runOnlyForDeploymentPostprocessing = 0;
		};
/* End PBXSourcesBuildPhase section */

/* Begin PBXTargetDependency section */
		B80DD7512BC896EE00208A7E /* PBXTargetDependency */ = {
			isa = PBXTargetDependency;
			target = B80DD73E2BC896EC00208A7E /* SF_MyArticlesApp */;
			targetProxy = B80DD7502BC896EE00208A7E /* PBXContainerItemProxy */;
		};
		B80DD75B2BC896EE00208A7E /* PBXTargetDependency */ = {
			isa = PBXTargetDependency;
			target = B80DD73E2BC896EC00208A7E /* SF_MyArticlesApp */;
			targetProxy = B80DD75A2BC896EE00208A7E /* PBXContainerItemProxy */;
		};
/* End PBXTargetDependency section */

/* Begin XCBuildConfiguration section */
		B80DD7612BC896EE00208A7E /* Debug */ = {
			isa = XCBuildConfiguration;
			buildSettings = {
				ALWAYS_SEARCH_USER_PATHS = NO;
				ASSETCATALOG_COMPILER_GENERATE_SWIFT_ASSET_SYMBOL_EXTENSIONS = YES;
				CLANG_ANALYZER_NONNULL = YES;
				CLANG_ANALYZER_NUMBER_OBJECT_CONVERSION = YES_AGGRESSIVE;
				CLANG_CXX_LANGUAGE_STANDARD = "gnu++20";
				CLANG_ENABLE_MODULES = YES;
				CLANG_ENABLE_OBJC_ARC = YES;
				CLANG_ENABLE_OBJC_WEAK = YES;
				CLANG_WARN_BLOCK_CAPTURE_AUTORELEASING = YES;
				CLANG_WARN_BOOL_CONVERSION = YES;
				CLANG_WARN_COMMA = YES;
				CLANG_WARN_CONSTANT_CONVERSION = YES;
				CLANG_WARN_DEPRECATED_OBJC_IMPLEMENTATIONS = YES;
				CLANG_WARN_DIRECT_OBJC_ISA_USAGE = YES_ERROR;
				CLANG_WARN_DOCUMENTATION_COMMENTS = YES;
				CLANG_WARN_EMPTY_BODY = YES;
				CLANG_WARN_ENUM_CONVERSION = YES;
				CLANG_WARN_INFINITE_RECURSION = YES;
				CLANG_WARN_INT_CONVERSION = YES;
				CLANG_WARN_NON_LITERAL_NULL_CONVERSION = YES;
				CLANG_WARN_OBJC_IMPLICIT_RETAIN_SELF = YES;
				CLANG_WARN_OBJC_LITERAL_CONVERSION = YES;
				CLANG_WARN_OBJC_ROOT_CLASS = YES_ERROR;
				CLANG_WARN_QUOTED_INCLUDE_IN_FRAMEWORK_HEADER = YES;
				CLANG_WARN_RANGE_LOOP_ANALYSIS = YES;
				CLANG_WARN_STRICT_PROTOTYPES = YES;
				CLANG_WARN_SUSPICIOUS_MOVE = YES;
				CLANG_WARN_UNGUARDED_AVAILABILITY = YES_AGGRESSIVE;
				CLANG_WARN_UNREACHABLE_CODE = YES;
				CLANG_WARN__DUPLICATE_METHOD_MATCH = YES;
				COPY_PHASE_STRIP = NO;
				DEBUG_INFORMATION_FORMAT = dwarf;
				ENABLE_STRICT_OBJC_MSGSEND = YES;
				ENABLE_TESTABILITY = YES;
				ENABLE_USER_SCRIPT_SANDBOXING = YES;
				GCC_C_LANGUAGE_STANDARD = gnu17;
				GCC_DYNAMIC_NO_PIC = NO;
				GCC_NO_COMMON_BLOCKS = YES;
				GCC_OPTIMIZATION_LEVEL = 0;
				GCC_PREPROCESSOR_DEFINITIONS = (
					"DEBUG=1",
					"$(inherited)",
				);
				GCC_WARN_64_TO_32_BIT_CONVERSION = YES;
				GCC_WARN_ABOUT_RETURN_TYPE = YES_ERROR;
				GCC_WARN_UNDECLARED_SELECTOR = YES;
				GCC_WARN_UNINITIALIZED_AUTOS = YES_AGGRESSIVE;
				GCC_WARN_UNUSED_FUNCTION = YES;
				GCC_WARN_UNUSED_VARIABLE = YES;
				IPHONEOS_DEPLOYMENT_TARGET = 17.2;
				LOCALIZATION_PREFERS_STRING_CATALOGS = YES;
				MTL_ENABLE_DEBUG_INFO = INCLUDE_SOURCE;
				MTL_FAST_MATH = YES;
				ONLY_ACTIVE_ARCH = YES;
				SDKROOT = iphoneos;
				SWIFT_ACTIVE_COMPILATION_CONDITIONS = "DEBUG $(inherited)";
				SWIFT_OPTIMIZATION_LEVEL = "-Onone";
			};
			name = Debug;
		};
		B80DD7622BC896EE00208A7E /* Release */ = {
			isa = XCBuildConfiguration;
			buildSettings = {
				ALWAYS_SEARCH_USER_PATHS = NO;
				ASSETCATALOG_COMPILER_GENERATE_SWIFT_ASSET_SYMBOL_EXTENSIONS = YES;
				CLANG_ANALYZER_NONNULL = YES;
				CLANG_ANALYZER_NUMBER_OBJECT_CONVERSION = YES_AGGRESSIVE;
				CLANG_CXX_LANGUAGE_STANDARD = "gnu++20";
				CLANG_ENABLE_MODULES = YES;
				CLANG_ENABLE_OBJC_ARC = YES;
				CLANG_ENABLE_OBJC_WEAK = YES;
				CLANG_WARN_BLOCK_CAPTURE_AUTORELEASING = YES;
				CLANG_WARN_BOOL_CONVERSION = YES;
				CLANG_WARN_COMMA = YES;
				CLANG_WARN_CONSTANT_CONVERSION = YES;
				CLANG_WARN_DEPRECATED_OBJC_IMPLEMENTATIONS = YES;
				CLANG_WARN_DIRECT_OBJC_ISA_USAGE = YES_ERROR;
				CLANG_WARN_DOCUMENTATION_COMMENTS = YES;
				CLANG_WARN_EMPTY_BODY = YES;
				CLANG_WARN_ENUM_CONVERSION = YES;
				CLANG_WARN_INFINITE_RECURSION = YES;
				CLANG_WARN_INT_CONVERSION = YES;
				CLANG_WARN_NON_LITERAL_NULL_CONVERSION = YES;
				CLANG_WARN_OBJC_IMPLICIT_RETAIN_SELF = YES;
				CLANG_WARN_OBJC_LITERAL_CONVERSION = YES;
				CLANG_WARN_OBJC_ROOT_CLASS = YES_ERROR;
				CLANG_WARN_QUOTED_INCLUDE_IN_FRAMEWORK_HEADER = YES;
				CLANG_WARN_RANGE_LOOP_ANALYSIS = YES;
				CLANG_WARN_STRICT_PROTOTYPES = YES;
				CLANG_WARN_SUSPICIOUS_MOVE = YES;
				CLANG_WARN_UNGUARDED_AVAILABILITY = YES_AGGRESSIVE;
				CLANG_WARN_UNREACHABLE_CODE = YES;
				CLANG_WARN__DUPLICATE_METHOD_MATCH = YES;
				COPY_PHASE_STRIP = NO;
				DEBUG_INFORMATION_FORMAT = "dwarf-with-dsym";
				ENABLE_NS_ASSERTIONS = NO;
				ENABLE_STRICT_OBJC_MSGSEND = YES;
				ENABLE_USER_SCRIPT_SANDBOXING = YES;
				GCC_C_LANGUAGE_STANDARD = gnu17;
				GCC_NO_COMMON_BLOCKS = YES;
				GCC_WARN_64_TO_32_BIT_CONVERSION = YES;
				GCC_WARN_ABOUT_RETURN_TYPE = YES_ERROR;
				GCC_WARN_UNDECLARED_SELECTOR = YES;
				GCC_WARN_UNINITIALIZED_AUTOS = YES_AGGRESSIVE;
				GCC_WARN_UNUSED_FUNCTION = YES;
				GCC_WARN_UNUSED_VARIABLE = YES;
				IPHONEOS_DEPLOYMENT_TARGET = 17.2;
				LOCALIZATION_PREFERS_STRING_CATALOGS = YES;
				MTL_ENABLE_DEBUG_INFO = NO;
				MTL_FAST_MATH = YES;
				SDKROOT = iphoneos;
				SWIFT_COMPILATION_MODE = wholemodule;
				VALIDATE_PRODUCT = YES;
			};
			name = Release;
		};
		B80DD7642BC896EE00208A7E /* Debug */ = {
			isa = XCBuildConfiguration;
			buildSettings = {
				ASSETCATALOG_COMPILER_APPICON_NAME = AppIcon;
				ASSETCATALOG_COMPILER_GLOBAL_ACCENT_COLOR_NAME = AccentColor;
				CODE_SIGN_STYLE = Automatic;
				CURRENT_PROJECT_VERSION = 1;
				DEVELOPMENT_ASSET_PATHS = "\"SF_MyArticlesApp/Preview Content\"";
				DEVELOPMENT_TEAM = 22K6B48Y8T;
				ENABLE_PREVIEWS = YES;
				GENERATE_INFOPLIST_FILE = YES;
				INFOPLIST_KEY_UIApplicationSceneManifest_Generation = YES;
				INFOPLIST_KEY_UIApplicationSupportsIndirectInputEvents = YES;
				INFOPLIST_KEY_UILaunchScreen_Generation = YES;
				INFOPLIST_KEY_UISupportedInterfaceOrientations_iPad = "UIInterfaceOrientationPortrait UIInterfaceOrientationPortraitUpsideDown UIInterfaceOrientationLandscapeLeft UIInterfaceOrientationLandscapeRight";
				INFOPLIST_KEY_UISupportedInterfaceOrientations_iPhone = "UIInterfaceOrientationPortrait UIInterfaceOrientationLandscapeLeft UIInterfaceOrientationLandscapeRight";
				LD_RUNPATH_SEARCH_PATHS = (
					"$(inherited)",
					"@executable_path/Frameworks",
				);
				MARKETING_VERSION = 1.0;
				PRODUCT_BUNDLE_IDENTIFIER = "com.shayneptorres.SF-MyArticlesApp";
				PRODUCT_NAME = "$(TARGET_NAME)";
				SWIFT_EMIT_LOC_STRINGS = YES;
				SWIFT_VERSION = 5.0;
				TARGETED_DEVICE_FAMILY = "1,2";
			};
			name = Debug;
		};
		B80DD7652BC896EE00208A7E /* Release */ = {
			isa = XCBuildConfiguration;
			buildSettings = {
				ASSETCATALOG_COMPILER_APPICON_NAME = AppIcon;
				ASSETCATALOG_COMPILER_GLOBAL_ACCENT_COLOR_NAME = AccentColor;
				CODE_SIGN_STYLE = Automatic;
				CURRENT_PROJECT_VERSION = 1;
				DEVELOPMENT_ASSET_PATHS = "\"SF_MyArticlesApp/Preview Content\"";
				DEVELOPMENT_TEAM = 22K6B48Y8T;
				ENABLE_PREVIEWS = YES;
				GENERATE_INFOPLIST_FILE = YES;
				INFOPLIST_KEY_UIApplicationSceneManifest_Generation = YES;
				INFOPLIST_KEY_UIApplicationSupportsIndirectInputEvents = YES;
				INFOPLIST_KEY_UILaunchScreen_Generation = YES;
				INFOPLIST_KEY_UISupportedInterfaceOrientations_iPad = "UIInterfaceOrientationPortrait UIInterfaceOrientationPortraitUpsideDown UIInterfaceOrientationLandscapeLeft UIInterfaceOrientationLandscapeRight";
				INFOPLIST_KEY_UISupportedInterfaceOrientations_iPhone = "UIInterfaceOrientationPortrait UIInterfaceOrientationLandscapeLeft UIInterfaceOrientationLandscapeRight";
				LD_RUNPATH_SEARCH_PATHS = (
					"$(inherited)",
					"@executable_path/Frameworks",
				);
				MARKETING_VERSION = 1.0;
				PRODUCT_BUNDLE_IDENTIFIER = "com.shayneptorres.SF-MyArticlesApp";
				PRODUCT_NAME = "$(TARGET_NAME)";
				SWIFT_EMIT_LOC_STRINGS = YES;
				SWIFT_VERSION = 5.0;
				TARGETED_DEVICE_FAMILY = "1,2";
			};
			name = Release;
		};
		B80DD7672BC896EE00208A7E /* Debug */ = {
			isa = XCBuildConfiguration;
			buildSettings = {
				ALWAYS_EMBED_SWIFT_STANDARD_LIBRARIES = YES;
				BUNDLE_LOADER = "$(TEST_HOST)";
				CODE_SIGN_STYLE = Automatic;
				CURRENT_PROJECT_VERSION = 1;
				DEVELOPMENT_TEAM = 22K6B48Y8T;
				GENERATE_INFOPLIST_FILE = YES;
				IPHONEOS_DEPLOYMENT_TARGET = 17.2;
				MARKETING_VERSION = 1.0;
				PRODUCT_BUNDLE_IDENTIFIER = "com.shayneptorres.SF-MyArticlesAppTests";
				PRODUCT_NAME = "$(TARGET_NAME)";
				SWIFT_EMIT_LOC_STRINGS = NO;
				SWIFT_VERSION = 5.0;
				TARGETED_DEVICE_FAMILY = "1,2";
				TEST_HOST = "$(BUILT_PRODUCTS_DIR)/SF_MyArticlesApp.app/$(BUNDLE_EXECUTABLE_FOLDER_PATH)/SF_MyArticlesApp";
			};
			name = Debug;
		};
		B80DD7682BC896EE00208A7E /* Release */ = {
			isa = XCBuildConfiguration;
			buildSettings = {
				ALWAYS_EMBED_SWIFT_STANDARD_LIBRARIES = YES;
				BUNDLE_LOADER = "$(TEST_HOST)";
				CODE_SIGN_STYLE = Automatic;
				CURRENT_PROJECT_VERSION = 1;
				DEVELOPMENT_TEAM = 22K6B48Y8T;
				GENERATE_INFOPLIST_FILE = YES;
				IPHONEOS_DEPLOYMENT_TARGET = 17.2;
				MARKETING_VERSION = 1.0;
				PRODUCT_BUNDLE_IDENTIFIER = "com.shayneptorres.SF-MyArticlesAppTests";
				PRODUCT_NAME = "$(TARGET_NAME)";
				SWIFT_EMIT_LOC_STRINGS = NO;
				SWIFT_VERSION = 5.0;
				TARGETED_DEVICE_FAMILY = "1,2";
				TEST_HOST = "$(BUILT_PRODUCTS_DIR)/SF_MyArticlesApp.app/$(BUNDLE_EXECUTABLE_FOLDER_PATH)/SF_MyArticlesApp";
			};
			name = Release;
		};
		B80DD76A2BC896EE00208A7E /* Debug */ = {
			isa = XCBuildConfiguration;
			buildSettings = {
				ALWAYS_EMBED_SWIFT_STANDARD_LIBRARIES = YES;
				CODE_SIGN_STYLE = Automatic;
				CURRENT_PROJECT_VERSION = 1;
				DEVELOPMENT_TEAM = 22K6B48Y8T;
				GENERATE_INFOPLIST_FILE = YES;
				MARKETING_VERSION = 1.0;
				PRODUCT_BUNDLE_IDENTIFIER = "com.shayneptorres.SF-MyArticlesAppUITests";
				PRODUCT_NAME = "$(TARGET_NAME)";
				SWIFT_EMIT_LOC_STRINGS = NO;
				SWIFT_VERSION = 5.0;
				TARGETED_DEVICE_FAMILY = "1,2";
				TEST_TARGET_NAME = SF_MyArticlesApp;
			};
			name = Debug;
		};
		B80DD76B2BC896EE00208A7E /* Release */ = {
			isa = XCBuildConfiguration;
			buildSettings = {
				ALWAYS_EMBED_SWIFT_STANDARD_LIBRARIES = YES;
				CODE_SIGN_STYLE = Automatic;
				CURRENT_PROJECT_VERSION = 1;
				DEVELOPMENT_TEAM = 22K6B48Y8T;
				GENERATE_INFOPLIST_FILE = YES;
				MARKETING_VERSION = 1.0;
				PRODUCT_BUNDLE_IDENTIFIER = "com.shayneptorres.SF-MyArticlesAppUITests";
				PRODUCT_NAME = "$(TARGET_NAME)";
				SWIFT_EMIT_LOC_STRINGS = NO;
				SWIFT_VERSION = 5.0;
				TARGETED_DEVICE_FAMILY = "1,2";
				TEST_TARGET_NAME = SF_MyArticlesApp;
			};
			name = Release;
		};
/* End XCBuildConfiguration section */

/* Begin XCConfigurationList section */
		B80DD73A2BC896EC00208A7E /* Build configuration list for PBXProject "SF_MyArticlesApp" */ = {
			isa = XCConfigurationList;
			buildConfigurations = (
				B80DD7612BC896EE00208A7E /* Debug */,
				B80DD7622BC896EE00208A7E /* Release */,
			);
			defaultConfigurationIsVisible = 0;
			defaultConfigurationName = Release;
		};
		B80DD7632BC896EE00208A7E /* Build configuration list for PBXNativeTarget "SF_MyArticlesApp" */ = {
			isa = XCConfigurationList;
			buildConfigurations = (
				B80DD7642BC896EE00208A7E /* Debug */,
				B80DD7652BC896EE00208A7E /* Release */,
			);
			defaultConfigurationIsVisible = 0;
			defaultConfigurationName = Release;
		};
		B80DD7662BC896EE00208A7E /* Build configuration list for PBXNativeTarget "SF_MyArticlesAppTests" */ = {
			isa = XCConfigurationList;
			buildConfigurations = (
				B80DD7672BC896EE00208A7E /* Debug */,
				B80DD7682BC896EE00208A7E /* Release */,
			);
			defaultConfigurationIsVisible = 0;
			defaultConfigurationName = Release;
		};
		B80DD7692BC896EE00208A7E /* Build configuration list for PBXNativeTarget "SF_MyArticlesAppUITests" */ = {
			isa = XCConfigurationList;
			buildConfigurations = (
				B80DD76A2BC896EE00208A7E /* Debug */,
				B80DD76B2BC896EE00208A7E /* Release */,
			);
			defaultConfigurationIsVisible = 0;
			defaultConfigurationName = Release;
		};
/* End XCConfigurationList section */
	};
	rootObject = B80DD7372BC896EC00208A7E /* Project object */;
}
